
Microsoft Visual Studio Solution File, Format Version 12.00
# Visual Studio Version 17
VisualStudioVersion = 17.8.34330.188
MinimumVisualStudioVersion = 10.0.40219.1
Project("{9A19103F-16F7-4668-BE54-9A1E7A4F7556}") = "ReferenceTypes", "ReferenceTypes\ReferenceTypes.csproj", "{B8AFADDF-DA06-4308-985F-E77DD40BFD14}"
EndProject
Project("{FAE04EC0-301F-11D3-BF4B-00C04F79EFBC}") = "Constructors", "Constructors\Constructors.csproj", "{96D06AF8-9C11-41E3-BAD4-0058E483561A}"
EndProject
Project("{FAE04EC0-301F-11D3-BF4B-00C04F79EFBC}") = "Interfaces", "Interfaces\Interfaces.csproj", "{76ACE75C-5A70-4087-8750-0C27438BFAF8}"
EndProject
Project("{FAE04EC0-301F-11D3-BF4B-00C04F79EFBC}") = "Generics", "Generics\Generics.csproj", "{E2809871-6638-47FB-8F24-127A664AAE5B}"
EndProject
Project("{FAE04EC0-301F-11D3-BF4B-00C04F79EFBC}") = "AsyncProgrammingDemo1", "AsyncProgrammingDemo1\AsyncProgrammingDemo1.csproj", "{701A19AC-3FA7-48C6-82EF-0214A5936033}"
EndProject
Project("{FAE04EC0-301F-11D3-BF4B-00C04F79EFBC}") = "LinqProject", "LinqProject\LinqProject.csproj", "{334D95B5-77B8-4D11-98D4-6BA0B84459E8}"
EndProject
Global
	GlobalSection(SolutionConfigurationPlatforms) = preSolution
		Debug|Any CPU = Debug|Any CPU
		Release|Any CPU = Release|Any CPU
	EndGlobalSection
	GlobalSection(ProjectConfigurationPlatforms) = postSolution
		{B8AFADDF-DA06-4308-985F-E77DD40BFD14}.Debug|Any CPU.ActiveCfg = Debug|Any CPU
		{B8AFADDF-DA06-4308-985F-E77DD40BFD14}.Debug|Any CPU.Build.0 = Debug|Any CPU
		{B8AFADDF-DA06-4308-985F-E77DD40BFD14}.Release|Any CPU.ActiveCfg = Release|Any CPU
		{B8AFADDF-DA06-4308-985F-E77DD40BFD14}.Release|Any CPU.Build.0 = Release|Any CPU
		{96D06AF8-9C11-41E3-BAD4-0058E483561A}.Debug|Any CPU.ActiveCfg = Debug|Any CPU
		{96D06AF8-9C11-41E3-BAD4-0058E483561A}.Debug|Any CPU.Build.0 = Debug|Any CPU
		{96D06AF8-9C11-41E3-BAD4-0058E483561A}.Release|Any CPU.ActiveCfg = Release|Any CPU
		{96D06AF8-9C11-41E3-BAD4-0058E483561A}.Release|Any CPU.Build.0 = Release|Any CPU
		{76ACE75C-5A70-4087-8750-0C27438BFAF8}.Debug|Any CPU.ActiveCfg = Debug|Any CPU
		{76ACE75C-5A70-4087-8750-0C27438BFAF8}.Debug|Any CPU.Build.0 = Debug|Any CPU
		{76ACE75C-5A70-4087-8750-0C27438BFAF8}.Release|Any CPU.ActiveCfg = Release|Any CPU
		{76ACE75C-5A70-4087-8750-0C27438BFAF8}.Release|Any CPU.Build.0 = Release|Any CPU
		{E2809871-6638-47FB-8F24-127A664AAE5B}.Debug|Any CPU.ActiveCfg = Debug|Any CPU
		{E2809871-6638-47FB-8F24-127A664AAE5B}.Debug|Any CPU.Build.0 = Debug|Any CPU
		{E2809871-6638-47FB-8F24-127A664AAE5B}.Release|Any CPU.ActiveCfg = Release|Any CPU
		{E2809871-6638-47FB-8F24-127A664AAE5B}.Release|Any CPU.Build.0 = Release|Any CPU
		{701A19AC-3FA7-48C6-82EF-0214A5936033}.Debug|Any CPU.ActiveCfg = Debug|Any CPU
		{701A19AC-3FA7-48C6-82EF-0214A5936033}.Debug|Any CPU.Build.0 = Debug|Any CPU
		{701A19AC-3FA7-48C6-82EF-0214A5936033}.Release|Any CPU.ActiveCfg = Release|Any CPU
		{701A19AC-3FA7-48C6-82EF-0214A5936033}.Release|Any CPU.Build.0 = Release|Any CPU
		{334D95B5-77B8-4D11-98D4-6BA0B84459E8}.Debug|Any CPU.ActiveCfg = Debug|Any CPU
		{334D95B5-77B8-4D11-98D4-6BA0B84459E8}.Debug|Any CPU.Build.0 = Debug|Any CPU
		{334D95B5-77B8-4D11-98D4-6BA0B84459E8}.Release|Any CPU.ActiveCfg = Release|Any CPU
		{334D95B5-77B8-4D11-98D4-6BA0B84459E8}.Release|Any CPU.Build.0 = Release|Any CPU
	EndGlobalSection
	GlobalSection(SolutionProperties) = preSolution
		HideSolutionNode = FALSE
	EndGlobalSection
	GlobalSection(ExtensibilityGlobals) = postSolution
		SolutionGuid = {01AE2762-2C06-42FD-BA82-E9A070C4AA8E}
	EndGlobalSection
EndGlobal
